
Microsoft Visual Studio Solution File, Format Version 12.00
Project("{FAE04EC0-301F-11D3-BF4B-00C04F79EFBC}") = "UsingDeckClass", "UsingDeckClass\UsingDeckClass.csproj", "{6DDD9BA5-4669-4253-B084-EC4EC029F094}"
EndProject
Global
	GlobalSection(SolutionConfigurationPlatforms) = preSolution
		Debug|Any CPU = Debug|Any CPU
		Release|Any CPU = Release|Any CPU
	EndGlobalSection
	GlobalSection(ProjectConfigurationPlatforms) = postSolution
		{6DDD9BA5-4669-4253-B084-EC4EC029F094}.Debug|Any CPU.ActiveCfg = Debug|Any CPU
		{6DDD9BA5-4669-4253-B084-EC4EC029F094}.Debug|Any CPU.Build.0 = Debug|Any CPU
		{6DDD9BA5-4669-4253-B084-EC4EC029F094}.Release|Any CPU.ActiveCfg = Release|Any CPU
		{6DDD9BA5-4669-4253-B084-EC4EC029F094}.Release|Any CPU.Build.0 = Release|Any CPU
	EndGlobalSection
EndGlobal
